
Microsoft Visual Studio Solution File, Format Version 10.00
# Visual Studio 2008
Project("{FAE04EC0-301F-11D3-BF4B-00C04F79EFBC}") = "TestGenerarPDF", "TestGenerarPDF\TestGenerarPDF.csproj", "{5C4166AF-3EF6-40F9-8624-5AE43F7FFC0A}"
EndProject
Project("{FAE04EC0-301F-11D3-BF4B-00C04F79EFBC}") = "GenerarPDF", "GenerarPDF\GenerarPDF.csproj", "{232B8DE0-0BD6-45D0-B1C7-872A3A3CAE5C}"
EndProject
Project("{FAE04EC0-301F-11D3-BF4B-00C04F79EFBC}") = "WindowsFormsApplication1", "WindowsFormsApplication1\WindowsFormsApplication1.csproj", "{3E08C825-714B-4C30-BD70-092E301430EB}"
EndProject
Global
	GlobalSection(SolutionConfigurationPlatforms) = preSolution
		Debug|Any CPU = Debug|Any CPU
		Release|Any CPU = Release|Any CPU
	EndGlobalSection
	GlobalSection(ProjectConfigurationPlatforms) = postSolution
		{5C4166AF-3EF6-40F9-8624-5AE43F7FFC0A}.Debug|Any CPU.ActiveCfg = Debug|Any CPU
		{5C4166AF-3EF6-40F9-8624-5AE43F7FFC0A}.Debug|Any CPU.Build.0 = Debug|Any CPU
		{5C4166AF-3EF6-40F9-8624-5AE43F7FFC0A}.Debug|Any CPU.Deploy.0 = Debug|Any CPU
		{5C4166AF-3EF6-40F9-8624-5AE43F7FFC0A}.Release|Any CPU.ActiveCfg = Release|Any CPU
		{5C4166AF-3EF6-40F9-8624-5AE43F7FFC0A}.Release|Any CPU.Build.0 = Release|Any CPU
		{5C4166AF-3EF6-40F9-8624-5AE43F7FFC0A}.Release|Any CPU.Deploy.0 = Release|Any CPU
		{232B8DE0-0BD6-45D0-B1C7-872A3A3CAE5C}.Debug|Any CPU.ActiveCfg = Debug|Any CPU
		{232B8DE0-0BD6-45D0-B1C7-872A3A3CAE5C}.Debug|Any CPU.Build.0 = Debug|Any CPU
		{232B8DE0-0BD6-45D0-B1C7-872A3A3CAE5C}.Release|Any CPU.ActiveCfg = Release|Any CPU
		{232B8DE0-0BD6-45D0-B1C7-872A3A3CAE5C}.Release|Any CPU.Build.0 = Release|Any CPU
		{3E08C825-714B-4C30-BD70-092E301430EB}.Debug|Any CPU.ActiveCfg = Debug|Any CPU
		{3E08C825-714B-4C30-BD70-092E301430EB}.Debug|Any CPU.Build.0 = Debug|Any CPU
		{3E08C825-714B-4C30-BD70-092E301430EB}.Release|Any CPU.ActiveCfg = Release|Any CPU
		{3E08C825-714B-4C30-BD70-092E301430EB}.Release|Any CPU.Build.0 = Release|Any CPU
	EndGlobalSection
	GlobalSection(SolutionProperties) = preSolution
		HideSolutionNode = FALSE
	EndGlobalSection
EndGlobal
